<Solution>
  <Folder Name="/src/">
    <Project Path="src/Devlog.Api/Devlog.Api.csproj" />
    <Project Path="src/Devlog.Cli/Devlog.Cli.csproj" />
    <Project Path="src/Devlog.Core/Devlog.Core.csproj" />
    <Project Path="src/Devlog.Host/Devlog.Host.csproj" />
    <Project Path="src/Devlog.Infrastructure/Devlog.Infrastructure.csproj" />
  </Folder>
  <Folder Name="/tests/">
    <Project Path="tests/Devlog.Core.Tests/Devlog.Core.Tests.csproj" />
    <Project Path="tests/Devlog.Host.Tests/Devlog.Host.Tests.csproj" />
  </Folder>
</Solution>
